
Microsoft Visual Studio Solution File, Format Version 12.00
# Visual Studio Version 16
VisualStudioVersion = 16.0.31129.286
MinimumVisualStudioVersion = 10.0.40219.1
Project("{FAE04EC0-301F-11D3-BF4B-00C04F79EFBC}") = "senai.wishlist.webAPI", "senai.wishlist.webAPI\senai.wishlist.webAPI.csproj", "{B2262881-0974-4644-983A-7CFB50118618}"
EndProject
Global
	GlobalSection(SolutionConfigurationPlatforms) = preSolution
		Debug|Any CPU = Debug|Any CPU
		Release|Any CPU = Release|Any CPU
	EndGlobalSection
	GlobalSection(ProjectConfigurationPlatforms) = postSolution
		{B2262881-0974-4644-983A-7CFB50118618}.Debug|Any CPU.ActiveCfg = Debug|Any CPU
		{B2262881-0974-4644-983A-7CFB50118618}.Debug|Any CPU.Build.0 = Debug|Any CPU
		{B2262881-0974-4644-983A-7CFB50118618}.Release|Any CPU.ActiveCfg = Release|Any CPU
		{B2262881-0974-4644-983A-7CFB50118618}.Release|Any CPU.Build.0 = Release|Any CPU
	EndGlobalSection
	GlobalSection(SolutionProperties) = preSolution
		HideSolutionNode = FALSE
	EndGlobalSection
	GlobalSection(ExtensibilityGlobals) = postSolution
		SolutionGuid = {73439840-3EB2-4390-B9AF-DC545637958F}
	EndGlobalSection
EndGlobal
